// !$*UTF8*$!
{
	archiveVersion = 1;
	classes = {
	};
	objectVersion = 46;
	objects = {

/* Begin PBXBuildFile section */
		8D5DD0D8192591CA002A7E68 /* Foundation.framework in Frameworks */ = {isa = PBXBuildFile; fileRef = 8D5DD0D7192591CA002A7E68 /* Foundation.framework */; };
		8D5DD0DA192591CA002A7E68 /* CoreGraphics.framework in Frameworks */ = {isa = PBXBuildFile; fileRef = 8D5DD0D9192591CA002A7E68 /* CoreGraphics.framework */; };
		8D5DD0DC192591CA002A7E68 /* UIKit.framework in Frameworks */ = {isa = PBXBuildFile; fileRef = 8D5DD0DB192591CA002A7E68 /* UIKit.framework */; };
		8D5DD0E2192591CA002A7E68 /* InfoPlist.strings in Resources */ = {isa = PBXBuildFile; fileRef = 8D5DD0E0192591CA002A7E68 /* InfoPlist.strings */; };
		8D5DD0E4192591CA002A7E68 /* main.m in Sources */ = {isa = PBXBuildFile; fileRef = 8D5DD0E3192591CA002A7E68 /* main.m */; };
		8D5DD0E8192591CA002A7E68 /* CCAppDelegate.m in Sources */ = {isa = PBXBuildFile; fileRef = 8D5DD0E7192591CA002A7E68 /* CCAppDelegate.m */; };
		8D5DD0EB192591CA002A7E68 /* Main.storyboard in Resources */ = {isa = PBXBuildFile; fileRef = 8D5DD0E9192591CA002A7E68 /* Main.storyboard */; };
		8D5DD0F0192591CA002A7E68 /* Images.xcassets in Resources */ = {isa = PBXBuildFile; fileRef = 8D5DD0EF192591CA002A7E68 /* Images.xcassets */; };
		8D5DD0F7192591CA002A7E68 /* XCTest.framework in Frameworks */ = {isa = PBXBuildFile; fileRef = 8D5DD0F6192591CA002A7E68 /* XCTest.framework */; };
		8D5DD0F8192591CA002A7E68 /* Foundation.framework in Frameworks */ = {isa = PBXBuildFile; fileRef = 8D5DD0D7192591CA002A7E68 /* Foundation.framework */; };
		8D5DD0F9192591CA002A7E68 /* UIKit.framework in Frameworks */ = {isa = PBXBuildFile; fileRef = 8D5DD0DB192591CA002A7E68 /* UIKit.framework */; };
		8D5DD101192591CA002A7E68 /* InfoPlist.strings in Resources */ = {isa = PBXBuildFile; fileRef = 8D5DD0FF192591CA002A7E68 /* InfoPlist.strings */; };
		8D5DD103192591CA002A7E68 /* HereToThereTests.m in Sources */ = {isa = PBXBuildFile; fileRef = 8D5DD102192591CA002A7E68 /* HereToThereTests.m */; };
		8D9491C21926E2F500A24DEB /* CCMapViewController.m in Sources */ = {isa = PBXBuildFile; fileRef = 8D9491C11926E2F500A24DEB /* CCMapViewController.m */; };
		8DBD9E90192E5F920036B30A /* edgeColor.png in Resources */ = {isa = PBXBuildFile; fileRef = 8DBD9E8F192E5F920036B30A /* edgeColor.png */; };
		8DBD9E95192E5FDC0036B30A /* currentLocation.png in Resources */ = {isa = PBXBuildFile; fileRef = 8DBD9E91192E5FDC0036B30A /* currentLocation.png */; };
		8DBD9E96192E5FDC0036B30A /* currentLocation@2x.png in Resources */ = {isa = PBXBuildFile; fileRef = 8DBD9E92192E5FDC0036B30A /* currentLocation@2x.png */; };
		8DBD9E97192E5FDC0036B30A /* settings.png in Resources */ = {isa = PBXBuildFile; fileRef = 8DBD9E93192E5FDC0036B30A /* settings.png */; };
		8DBD9E98192E5FDC0036B30A /* settings@2x.png in Resources */ = {isa = PBXBuildFile; fileRef = 8DBD9E94192E5FDC0036B30A /* settings@2x.png */; };
		8DBD9E9F192E612C0036B30A /* CCSettingsViewController.m in Sources */ = {isa = PBXBuildFile; fileRef = 8DBD9E9E192E612C0036B30A /* CCSettingsViewController.m */; };
		8DBD9EA2192E7D8A0036B30A /* CCDrawableView.m in Sources */ = {isa = PBXBuildFile; fileRef = 8DBD9EA1192E7D8A0036B30A /* CCDrawableView.m */; };
		8DBD9EA5192E7DC70036B30A /* CCLine.m in Sources */ = {isa = PBXBuildFile; fileRef = 8DBD9EA4192E7DC70036B30A /* CCLine.m */; };
		8DBD9EA9192E86F60036B30A /* Upload.png in Resources */ = {isa = PBXBuildFile; fileRef = 8DBD9EA7192E86F60036B30A /* Upload.png */; };
		8DBD9EAA192E86F60036B30A /* Upload@2x.png in Resources */ = {isa = PBXBuildFile; fileRef = 8DBD9EA8192E86F60036B30A /* Upload@2x.png */; };
		8DBD9EAD192E874F0036B30A /* Map_Path.png in Resources */ = {isa = PBXBuildFile; fileRef = 8DBD9EAB192E874F0036B30A /* Map_Path.png */; };
		8DBD9EAE192E874F0036B30A /* Map_Path@2x.png in Resources */ = {isa = PBXBuildFile; fileRef = 8DBD9EAC192E874F0036B30A /* Map_Path@2x.png */; };
		8DBD9EB0192E89F00036B30A /* Multiply.png in Resources */ = {isa = PBXBuildFile; fileRef = 8DBD9EAF192E89F00036B30A /* Multiply.png */; };
		8DBD9EB2192E89FB0036B30A /* Multiply@2x.png in Resources */ = {isa = PBXBuildFile; fileRef = 8DBD9EB1192E89FB0036B30A /* Multiply@2x.png */; };
		8DD5C343192E591F003D6F06 /* CCRoundedButton.m in Sources */ = {isa = PBXBuildFile; fileRef = 8DD5C342192E591F003D6F06 /* CCRoundedButton.m */; };
		8DD5C349192E5B4A003D6F06 /* CCViewForButtons.m in Sources */ = {isa = PBXBuildFile; fileRef = 8DD5C348192E5B4A003D6F06 /* CCViewForButtons.m */; };
/* End PBXBuildFile section */

/* Begin PBXContainerItemProxy section */
		8D5DD0FA192591CA002A7E68 /* PBXContainerItemProxy */ = {
			isa = PBXContainerItemProxy;
			containerPortal = 8D5DD0CC192591CA002A7E68 /* Project object */;
			proxyType = 1;
			remoteGlobalIDString = 8D5DD0D3192591CA002A7E68;
			remoteInfo = HereToThere;
		};
/* End PBXContainerItemProxy section */

/* Begin PBXFileReference section */
		8D5DD0D4192591CA002A7E68 /* HereToThere.app */ = {isa = PBXFileReference; explicitFileType = wrapper.application; includeInIndex = 0; path = HereToThere.app; sourceTree = BUILT_PRODUCTS_DIR; };
		8D5DD0D7192591CA002A7E68 /* Foundation.framework */ = {isa = PBXFileReference; lastKnownFileType = wrapper.framework; name = Foundation.framework; path = System/Library/Frameworks/Foundation.framework; sourceTree = SDKROOT; };
		8D5DD0D9192591CA002A7E68 /* CoreGraphics.framework */ = {isa = PBXFileReference; lastKnownFileType = wrapper.framework; name = CoreGraphics.framework; path = System/Library/Frameworks/CoreGraphics.framework; sourceTree = SDKROOT; };
		8D5DD0DB192591CA002A7E68 /* UIKit.framework */ = {isa = PBXFileReference; lastKnownFileType = wrapper.framework; name = UIKit.framework; path = System/Library/Frameworks/UIKit.framework; sourceTree = SDKROOT; };
		8D5DD0DF192591CA002A7E68 /* HereToThere-Info.plist */ = {isa = PBXFileReference; lastKnownFileType = text.plist.xml; path = "HereToThere-Info.plist"; sourceTree = "<group>"; };
		8D5DD0E1192591CA002A7E68 /* en */ = {isa = PBXFileReference; lastKnownFileType = text.plist.strings; name = en; path = en.lproj/InfoPlist.strings; sourceTree = "<group>"; };
		8D5DD0E3192591CA002A7E68 /* main.m */ = {isa = PBXFileReference; lastKnownFileType = sourcecode.c.objc; path = main.m; sourceTree = "<group>"; };
		8D5DD0E5192591CA002A7E68 /* HereToThere-Prefix.pch */ = {isa = PBXFileReference; lastKnownFileType = sourcecode.c.h; path = "HereToThere-Prefix.pch"; sourceTree = "<group>"; };
		8D5DD0E6192591CA002A7E68 /* CCAppDelegate.h */ = {isa = PBXFileReference; lastKnownFileType = sourcecode.c.h; path = CCAppDelegate.h; sourceTree = "<group>"; };
		8D5DD0E7192591CA002A7E68 /* CCAppDelegate.m */ = {isa = PBXFileReference; lastKnownFileType = sourcecode.c.objc; path = CCAppDelegate.m; sourceTree = "<group>"; };
		8D5DD0EA192591CA002A7E68 /* Base */ = {isa = PBXFileReference; lastKnownFileType = file.storyboard; name = Base; path = Base.lproj/Main.storyboard; sourceTree = "<group>"; };
		8D5DD0EF192591CA002A7E68 /* Images.xcassets */ = {isa = PBXFileReference; lastKnownFileType = folder.assetcatalog; path = Images.xcassets; sourceTree = "<group>"; };
		8D5DD0F5192591CA002A7E68 /* HereToThereTests.xctest */ = {isa = PBXFileReference; explicitFileType = wrapper.cfbundle; includeInIndex = 0; path = HereToThereTests.xctest; sourceTree = BUILT_PRODUCTS_DIR; };
		8D5DD0F6192591CA002A7E68 /* XCTest.framework */ = {isa = PBXFileReference; lastKnownFileType = wrapper.framework; name = XCTest.framework; path = Library/Frameworks/XCTest.framework; sourceTree = DEVELOPER_DIR; };
		8D5DD0FE192591CA002A7E68 /* HereToThereTests-Info.plist */ = {isa = PBXFileReference; lastKnownFileType = text.plist.xml; path = "HereToThereTests-Info.plist"; sourceTree = "<group>"; };
		8D5DD100192591CA002A7E68 /* en */ = {isa = PBXFileReference; lastKnownFileType = text.plist.strings; name = en; path = en.lproj/InfoPlist.strings; sourceTree = "<group>"; };
		8D5DD102192591CA002A7E68 /* HereToThereTests.m */ = {isa = PBXFileReference; lastKnownFileType = sourcecode.c.objc; path = HereToThereTests.m; sourceTree = "<group>"; };
		8D9491C01926E2F500A24DEB /* CCMapViewController.h */ = {isa = PBXFileReference; fileEncoding = 4; lastKnownFileType = sourcecode.c.h; path = CCMapViewController.h; sourceTree = "<group>"; };
		8D9491C11926E2F500A24DEB /* CCMapViewController.m */ = {isa = PBXFileReference; fileEncoding = 4; lastKnownFileType = sourcecode.c.objc; path = CCMapViewController.m; sourceTree = "<group>"; };
		8DBD9E8F192E5F920036B30A /* edgeColor.png */ = {isa = PBXFileReference; lastKnownFileType = image.png; path = edgeColor.png; sourceTree = "<group>"; };
		8DBD9E91192E5FDC0036B30A /* currentLocation.png */ = {isa = PBXFileReference; lastKnownFileType = image.png; path = currentLocation.png; sourceTree = "<group>"; };
		8DBD9E92192E5FDC0036B30A /* currentLocation@2x.png */ = {isa = PBXFileReference; lastKnownFileType = image.png; path = "currentLocation@2x.png"; sourceTree = "<group>"; };
		8DBD9E93192E5FDC0036B30A /* settings.png */ = {isa = PBXFileReference; lastKnownFileType = image.png; path = settings.png; sourceTree = "<group>"; };
		8DBD9E94192E5FDC0036B30A /* settings@2x.png */ = {isa = PBXFileReference; lastKnownFileType = image.png; path = "settings@2x.png"; sourceTree = "<group>"; };
		8DBD9E9D192E612C0036B30A /* CCSettingsViewController.h */ = {isa = PBXFileReference; fileEncoding = 4; lastKnownFileType = sourcecode.c.h; path = CCSettingsViewController.h; sourceTree = "<group>"; };
		8DBD9E9E192E612C0036B30A /* CCSettingsViewController.m */ = {isa = PBXFileReference; fileEncoding = 4; lastKnownFileType = sourcecode.c.objc; path = CCSettingsViewController.m; sourceTree = "<group>"; };
		8DBD9EA0192E7D8A0036B30A /* CCDrawableView.h */ = {isa = PBXFileReference; fileEncoding = 4; lastKnownFileType = sourcecode.c.h; path = CCDrawableView.h; sourceTree = "<group>"; };
		8DBD9EA1192E7D8A0036B30A /* CCDrawableView.m */ = {isa = PBXFileReference; fileEncoding = 4; lastKnownFileType = sourcecode.c.objc; path = CCDrawableView.m; sourceTree = "<group>"; };
		8DBD9EA3192E7DC70036B30A /* CCLine.h */ = {isa = PBXFileReference; fileEncoding = 4; lastKnownFileType = sourcecode.c.h; path = CCLine.h; sourceTree = "<group>"; };
		8DBD9EA4192E7DC70036B30A /* CCLine.m */ = {isa = PBXFileReference; fileEncoding = 4; lastKnownFileType = sourcecode.c.objc; path = CCLine.m; sourceTree = "<group>"; };
		8DBD9EA7192E86F60036B30A /* Upload.png */ = {isa = PBXFileReference; lastKnownFileType = image.png; path = Upload.png; sourceTree = "<group>"; };
		8DBD9EA8192E86F60036B30A /* Upload@2x.png */ = {isa = PBXFileReference; lastKnownFileType = image.png; path = "Upload@2x.png"; sourceTree = "<group>"; };
		8DBD9EAB192E874F0036B30A /* Map_Path.png */ = {isa = PBXFileReference; lastKnownFileType = image.png; path = Map_Path.png; sourceTree = "<group>"; };
		8DBD9EAC192E874F0036B30A /* Map_Path@2x.png */ = {isa = PBXFileReference; lastKnownFileType = image.png; path = "Map_Path@2x.png"; sourceTree = "<group>"; };
		8DBD9EAF192E89F00036B30A /* Multiply.png */ = {isa = PBXFileReference; lastKnownFileType = image.png; path = Multiply.png; sourceTree = "<group>"; };
		8DBD9EB1192E89FB0036B30A /* Multiply@2x.png */ = {isa = PBXFileReference; lastKnownFileType = image.png; path = "Multiply@2x.png"; sourceTree = "<group>"; };
		8DD5C341192E591F003D6F06 /* CCRoundedButton.h */ = {isa = PBXFileReference; fileEncoding = 4; lastKnownFileType = sourcecode.c.h; path = CCRoundedButton.h; sourceTree = "<group>"; };
		8DD5C342192E591F003D6F06 /* CCRoundedButton.m */ = {isa = PBXFileReference; fileEncoding = 4; lastKnownFileType = sourcecode.c.objc; path = CCRoundedButton.m; sourceTree = "<group>"; };
		8DD5C347192E5B4A003D6F06 /* CCViewForButtons.h */ = {isa = PBXFileReference; fileEncoding = 4; lastKnownFileType = sourcecode.c.h; path = CCViewForButtons.h; sourceTree = "<group>"; };
		8DD5C348192E5B4A003D6F06 /* CCViewForButtons.m */ = {isa = PBXFileReference; fileEncoding = 4; lastKnownFileType = sourcecode.c.objc; path = CCViewForButtons.m; sourceTree = "<group>"; };
/* End PBXFileReference section */

/* Begin PBXFrameworksBuildPhase section */
		8D5DD0D1192591CA002A7E68 /* Frameworks */ = {
			isa = PBXFrameworksBuildPhase;
			buildActionMask = 2147483647;
			files = (
				8D5DD0DA192591CA002A7E68 /* CoreGraphics.framework in Frameworks */,
				8D5DD0DC192591CA002A7E68 /* UIKit.framework in Frameworks */,
				8D5DD0D8192591CA002A7E68 /* Foundation.framework in Frameworks */,
			);
			runOnlyForDeploymentPostprocessing = 0;
		};
		8D5DD0F2192591CA002A7E68 /* Frameworks */ = {
			isa = PBXFrameworksBuildPhase;
			buildActionMask = 2147483647;
			files = (
				8D5DD0F7192591CA002A7E68 /* XCTest.framework in Frameworks */,
				8D5DD0F9192591CA002A7E68 /* UIKit.framework in Frameworks */,
				8D5DD0F8192591CA002A7E68 /* Foundation.framework in Frameworks */,
			);
			runOnlyForDeploymentPostprocessing = 0;
		};
/* End PBXFrameworksBuildPhase section */

/* Begin PBXGroup section */
		8D5DD0CB192591CA002A7E68 = {
			isa = PBXGroup;
			children = (
				8D5DD0DD192591CA002A7E68 /* HereToThere */,
				8D5DD0FC192591CA002A7E68 /* HereToThereTests */,
				8D5DD0D6192591CA002A7E68 /* Frameworks */,
				8D5DD0D5192591CA002A7E68 /* Products */,
			);
			sourceTree = "<group>";
		};
		8D5DD0D5192591CA002A7E68 /* Products */ = {
			isa = PBXGroup;
			children = (
				8D5DD0D4192591CA002A7E68 /* HereToThere.app */,
				8D5DD0F5192591CA002A7E68 /* HereToThereTests.xctest */,
			);
			name = Products;
			sourceTree = "<group>";
		};
		8D5DD0D6192591CA002A7E68 /* Frameworks */ = {
			isa = PBXGroup;
			children = (
				8D5DD0D7192591CA002A7E68 /* Foundation.framework */,
				8D5DD0D9192591CA002A7E68 /* CoreGraphics.framework */,
				8D5DD0DB192591CA002A7E68 /* UIKit.framework */,
				8D5DD0F6192591CA002A7E68 /* XCTest.framework */,
			);
			name = Frameworks;
			sourceTree = "<group>";
		};
		8D5DD0DD192591CA002A7E68 /* HereToThere */ = {
			isa = PBXGroup;
			children = (
				8D5DD0E6192591CA002A7E68 /* CCAppDelegate.h */,
				8D5DD0E7192591CA002A7E68 /* CCAppDelegate.m */,
				8D5DD0E9192591CA002A7E68 /* Main.storyboard */,
				8DBD9E9C192E60E60036B30A /* UI */,
				8DBD9EA6192E7DD20036B30A /* Drawing */,
				8DBD9E9B192E60D20036B30A /* Controllers */,
				8DBD9E9A192E60C20036B30A /* Views */,
				8DBD9E99192E5FED0036B30A /* Images */,
				8D5DD0EF192591CA002A7E68 /* Images.xcassets */,
				8D5DD0DE192591CA002A7E68 /* Supporting Files */,
			);
			path = HereToThere;
			sourceTree = "<group>";
		};
		8D5DD0DE192591CA002A7E68 /* Supporting Files */ = {
			isa = PBXGroup;
			children = (
				8D5DD0DF192591CA002A7E68 /* HereToThere-Info.plist */,
				8D5DD0E0192591CA002A7E68 /* InfoPlist.strings */,
				8D5DD0E3192591CA002A7E68 /* main.m */,
				8D5DD0E5192591CA002A7E68 /* HereToThere-Prefix.pch */,
			);
			name = "Supporting Files";
			sourceTree = "<group>";
		};
		8D5DD0FC192591CA002A7E68 /* HereToThereTests */ = {
			isa = PBXGroup;
			children = (
				8D5DD102192591CA002A7E68 /* HereToThereTests.m */,
				8D5DD0FD192591CA002A7E68 /* Supporting Files */,
			);
			path = HereToThereTests;
			sourceTree = "<group>";
		};
		8D5DD0FD192591CA002A7E68 /* Supporting Files */ = {
			isa = PBXGroup;
			children = (
				8D5DD0FE192591CA002A7E68 /* HereToThereTests-Info.plist */,
				8D5DD0FF192591CA002A7E68 /* InfoPlist.strings */,
			);
			name = "Supporting Files";
			sourceTree = "<group>";
		};
		8DBD9E99192E5FED0036B30A /* Images */ = {
			isa = PBXGroup;
			children = (
				8DBD9EB1192E89FB0036B30A /* Multiply@2x.png */,
				8DBD9EAF192E89F00036B30A /* Multiply.png */,
				8DBD9EAB192E874F0036B30A /* Map_Path.png */,
				8DBD9EAC192E874F0036B30A /* Map_Path@2x.png */,
				8DBD9EA7192E86F60036B30A /* Upload.png */,
				8DBD9EA8192E86F60036B30A /* Upload@2x.png */,
				8DBD9E91192E5FDC0036B30A /* currentLocation.png */,
				8DBD9E92192E5FDC0036B30A /* currentLocation@2x.png */,
				8DBD9E93192E5FDC0036B30A /* settings.png */,
				8DBD9E94192E5FDC0036B30A /* settings@2x.png */,
				8DBD9E8F192E5F920036B30A /* edgeColor.png */,
			);
			name = Images;
			sourceTree = "<group>";
		};
		8DBD9E9A192E60C20036B30A /* Views */ = {
			isa = PBXGroup;
			children = (
				8DBD9EA0192E7D8A0036B30A /* CCDrawableView.h */,
				8DBD9EA1192E7D8A0036B30A /* CCDrawableView.m */,
				8DD5C347192E5B4A003D6F06 /* CCViewForButtons.h */,
				8DD5C348192E5B4A003D6F06 /* CCViewForButtons.m */,
			);
			name = Views;
			sourceTree = "<group>";
		};
		8DBD9E9B192E60D20036B30A /* Controllers */ = {
			isa = PBXGroup;
			children = (
				8DBD9E9D192E612C0036B30A /* CCSettingsViewController.h */,
				8DBD9E9E192E612C0036B30A /* CCSettingsViewController.m */,
				8D9491C01926E2F500A24DEB /* CCMapViewController.h */,
				8D9491C11926E2F500A24DEB /* CCMapViewController.m */,
			);
			name = Controllers;
			sourceTree = "<group>";
		};
		8DBD9E9C192E60E60036B30A /* UI */ = {
			isa = PBXGroup;
			children = (
				8DD5C341192E591F003D6F06 /* CCRoundedButton.h */,
				8DD5C342192E591F003D6F06 /* CCRoundedButton.m */,
			);
			name = UI;
			sourceTree = "<group>";
		};
		8DBD9EA6192E7DD20036B30A /* Drawing */ = {
			isa = PBXGroup;
			children = (
				8DBD9EA3192E7DC70036B30A /* CCLine.h */,
				8DBD9EA4192E7DC70036B30A /* CCLine.m */,
			);
			name = Drawing;
			sourceTree = "<group>";
		};
/* End PBXGroup section */

/* Begin PBXNativeTarget section */
		8D5DD0D3192591CA002A7E68 /* HereToThere */ = {
			isa = PBXNativeTarget;
			buildConfigurationList = 8D5DD106192591CA002A7E68 /* Build configuration list for PBXNativeTarget "HereToThere" */;
			buildPhases = (
				8D5DD0D0192591CA002A7E68 /* Sources */,
				8D5DD0D1192591CA002A7E68 /* Frameworks */,
				8D5DD0D2192591CA002A7E68 /* Resources */,
			);
			buildRules = (
			);
			dependencies = (
			);
			name = HereToThere;
			productName = HereToThere;
			productReference = 8D5DD0D4192591CA002A7E68 /* HereToThere.app */;
			productType = "com.apple.product-type.application";
		};
		8D5DD0F4192591CA002A7E68 /* HereToThereTests */ = {
			isa = PBXNativeTarget;
			buildConfigurationList = 8D5DD109192591CA002A7E68 /* Build configuration list for PBXNativeTarget "HereToThereTests" */;
			buildPhases = (
				8D5DD0F1192591CA002A7E68 /* Sources */,
				8D5DD0F2192591CA002A7E68 /* Frameworks */,
				8D5DD0F3192591CA002A7E68 /* Resources */,
			);
			buildRules = (
			);
			dependencies = (
				8D5DD0FB192591CA002A7E68 /* PBXTargetDependency */,
			);
			name = HereToThereTests;
			productName = HereToThereTests;
			productReference = 8D5DD0F5192591CA002A7E68 /* HereToThereTests.xctest */;
			productType = "com.apple.product-type.bundle.unit-test";
		};
/* End PBXNativeTarget section */

/* Begin PBXProject section */
		8D5DD0CC192591CA002A7E68 /* Project object */ = {
			isa = PBXProject;
			attributes = {
				CLASSPREFIX = CC;
				LastUpgradeCheck = 0510;
				ORGANIZATIONNAME = "Byte Meets World";
				TargetAttributes = {
					8D5DD0F4192591CA002A7E68 = {
						TestTargetID = 8D5DD0D3192591CA002A7E68;
					};
				};
			};
			buildConfigurationList = 8D5DD0CF192591CA002A7E68 /* Build configuration list for PBXProject "HereToThere" */;
			compatibilityVersion = "Xcode 3.2";
			developmentRegion = English;
			hasScannedForEncodings = 0;
			knownRegions = (
				en,
				Base,
			);
			mainGroup = 8D5DD0CB192591CA002A7E68;
			productRefGroup = 8D5DD0D5192591CA002A7E68 /* Products */;
			projectDirPath = "";
			projectRoot = "";
			targets = (
				8D5DD0D3192591CA002A7E68 /* HereToThere */,
				8D5DD0F4192591CA002A7E68 /* HereToThereTests */,
			);
		};
/* End PBXProject section */

/* Begin PBXResourcesBuildPhase section */
		8D5DD0D2192591CA002A7E68 /* Resources */ = {
			isa = PBXResourcesBuildPhase;
			buildActionMask = 2147483647;
			files = (
				8DBD9E90192E5F920036B30A /* edgeColor.png in Resources */,
				8DBD9EAA192E86F60036B30A /* Upload@2x.png in Resources */,
				8DBD9EAE192E874F0036B30A /* Map_Path@2x.png in Resources */,
				8DBD9E97192E5FDC0036B30A /* settings.png in Resources */,
				8DBD9EAD192E874F0036B30A /* Map_Path.png in Resources */,
				8DBD9E95192E5FDC0036B30A /* currentLocation.png in Resources */,
				8D5DD0F0192591CA002A7E68 /* Images.xcassets in Resources */,
				8DBD9EA9192E86F60036B30A /* Upload.png in Resources */,
				8DBD9EB2192E89FB0036B30A /* Multiply@2x.png in Resources */,
				8DBD9EB0192E89F00036B30A /* Multiply.png in Resources */,
				8DBD9E96192E5FDC0036B30A /* currentLocation@2x.png in Resources */,
				8DBD9E98192E5FDC0036B30A /* settings@2x.png in Resources */,
				8D5DD0E2192591CA002A7E68 /* InfoPlist.strings in Resources */,
				8D5DD0EB192591CA002A7E68 /* Main.storyboard in Resources */,
			);
			runOnlyForDeploymentPostprocessing = 0;
		};
		8D5DD0F3192591CA002A7E68 /* Resources */ = {
			isa = PBXResourcesBuildPhase;
			buildActionMask = 2147483647;
			files = (
				8D5DD101192591CA002A7E68 /* InfoPlist.strings in Resources */,
			);
			runOnlyForDeploymentPostprocessing = 0;
		};
/* End PBXResourcesBuildPhase section */

/* Begin PBXSourcesBuildPhase section */
		8D5DD0D0192591CA002A7E68 /* Sources */ = {
			isa = PBXSourcesBuildPhase;
			buildActionMask = 2147483647;
			files = (
				8DBD9EA2192E7D8A0036B30A /* CCDrawableView.m in Sources */,
				8DBD9EA5192E7DC70036B30A /* CCLine.m in Sources */,
				8D9491C21926E2F500A24DEB /* CCMapViewController.m in Sources */,
				8DD5C349192E5B4A003D6F06 /* CCViewForButtons.m in Sources */,
				8D5DD0E8192591CA002A7E68 /* CCAppDelegate.m in Sources */,
				8DBD9E9F192E612C0036B30A /* CCSettingsViewController.m in Sources */,
				8D5DD0E4192591CA002A7E68 /* main.m in Sources */,
				8DD5C343192E591F003D6F06 /* CCRoundedButton.m in Sources */,
			);
			runOnlyForDeploymentPostprocessing = 0;
		};
		8D5DD0F1192591CA002A7E68 /* Sources */ = {
			isa = PBXSourcesBuildPhase;
			buildActionMask = 2147483647;
			files = (
				8D5DD103192591CA002A7E68 /* HereToThereTests.m in Sources */,
			);
			runOnlyForDeploymentPostprocessing = 0;
		};
/* End PBXSourcesBuildPhase section */

/* Begin PBXTargetDependency section */
		8D5DD0FB192591CA002A7E68 /* PBXTargetDependency */ = {
			isa = PBXTargetDependency;
			target = 8D5DD0D3192591CA002A7E68 /* HereToThere */;
			targetProxy = 8D5DD0FA192591CA002A7E68 /* PBXContainerItemProxy */;
		};
/* End PBXTargetDependency section */

/* Begin PBXVariantGroup section */
		8D5DD0E0192591CA002A7E68 /* InfoPlist.strings */ = {
			isa = PBXVariantGroup;
			children = (
				8D5DD0E1192591CA002A7E68 /* en */,
			);
			name = InfoPlist.strings;
			sourceTree = "<group>";
		};
		8D5DD0E9192591CA002A7E68 /* Main.storyboard */ = {
			isa = PBXVariantGroup;
			children = (
				8D5DD0EA192591CA002A7E68 /* Base */,
			);
			name = Main.storyboard;
			sourceTree = "<group>";
		};
		8D5DD0FF192591CA002A7E68 /* InfoPlist.strings */ = {
			isa = PBXVariantGroup;
			children = (
				8D5DD100192591CA002A7E68 /* en */,
			);
			name = InfoPlist.strings;
			sourceTree = "<group>";
		};
/* End PBXVariantGroup section */

/* Begin XCBuildConfiguration section */
		8D5DD104192591CA002A7E68 /* Debug */ = {
			isa = XCBuildConfiguration;
			buildSettings = {
				ALWAYS_SEARCH_USER_PATHS = NO;
				CLANG_CXX_LANGUAGE_STANDARD = "gnu++0x";
				CLANG_CXX_LIBRARY = "libc++";
				CLANG_ENABLE_MODULES = YES;
				CLANG_ENABLE_OBJC_ARC = YES;
				CLANG_WARN_BOOL_CONVERSION = YES;
				CLANG_WARN_CONSTANT_CONVERSION = YES;
				CLANG_WARN_DIRECT_OBJC_ISA_USAGE = YES_ERROR;
				CLANG_WARN_EMPTY_BODY = YES;
				CLANG_WARN_ENUM_CONVERSION = YES;
				CLANG_WARN_INT_CONVERSION = YES;
				CLANG_WARN_OBJC_ROOT_CLASS = YES_ERROR;
				CLANG_WARN__DUPLICATE_METHOD_MATCH = YES;
				"CODE_SIGN_IDENTITY[sdk=iphoneos*]" = "iPhone Developer";
				COPY_PHASE_STRIP = NO;
				GCC_C_LANGUAGE_STANDARD = gnu99;
				GCC_DYNAMIC_NO_PIC = NO;
				GCC_OPTIMIZATION_LEVEL = 0;
				GCC_PREPROCESSOR_DEFINITIONS = (
					"DEBUG=1",
					"$(inherited)",
				);
				GCC_SYMBOLS_PRIVATE_EXTERN = NO;
				GCC_WARN_64_TO_32_BIT_CONVERSION = YES;
				GCC_WARN_ABOUT_RETURN_TYPE = YES_ERROR;
				GCC_WARN_UNDECLARED_SELECTOR = YES;
				GCC_WARN_UNINITIALIZED_AUTOS = YES_AGGRESSIVE;
				GCC_WARN_UNUSED_FUNCTION = YES;
				GCC_WARN_UNUSED_VARIABLE = YES;
				IPHONEOS_DEPLOYMENT_TARGET = 7.1;
				ONLY_ACTIVE_ARCH = YES;
				SDKROOT = iphoneos;
			};
			name = Debug;
		};
		8D5DD105192591CA002A7E68 /* Release */ = {
			isa = XCBuildConfiguration;
			buildSettings = {
				ALWAYS_SEARCH_USER_PATHS = NO;
				CLANG_CXX_LANGUAGE_STANDARD = "gnu++0x";
				CLANG_CXX_LIBRARY = "libc++";
				CLANG_ENABLE_MODULES = YES;
				CLANG_ENABLE_OBJC_ARC = YES;
				CLANG_WARN_BOOL_CONVERSION = YES;
				CLANG_WARN_CONSTANT_CONVERSION = YES;
				CLANG_WARN_DIRECT_OBJC_ISA_USAGE = YES_ERROR;
				CLANG_WARN_EMPTY_BODY = YES;
				CLANG_WARN_ENUM_CONVERSION = YES;
				CLANG_WARN_INT_CONVERSION = YES;
				CLANG_WARN_OBJC_ROOT_CLASS = YES_ERROR;
				CLANG_WARN__DUPLICATE_METHOD_MATCH = YES;
				"CODE_SIGN_IDENTITY[sdk=iphoneos*]" = "iPhone Developer";
				COPY_PHASE_STRIP = YES;
				ENABLE_NS_ASSERTIONS = NO;
				GCC_C_LANGUAGE_STANDARD = gnu99;
				GCC_WARN_64_TO_32_BIT_CONVERSION = YES;
				GCC_WARN_ABOUT_RETURN_TYPE = YES_ERROR;
				GCC_WARN_UNDECLARED_SELECTOR = YES;
				GCC_WARN_UNINITIALIZED_AUTOS = YES_AGGRESSIVE;
				GCC_WARN_UNUSED_FUNCTION = YES;
				GCC_WARN_UNUSED_VARIABLE = YES;
				IPHONEOS_DEPLOYMENT_TARGET = 7.1;
				SDKROOT = iphoneos;
				VALIDATE_PRODUCT = YES;
			};
			name = Release;
		};
		8D5DD107192591CA002A7E68 /* Debug */ = {
			isa = XCBuildConfiguration;
			buildSettings = {
				ASSETCATALOG_COMPILER_APPICON_NAME = AppIcon;
				ASSETCATALOG_COMPILER_LAUNCHIMAGE_NAME = LaunchImage;
				GCC_PRECOMPILE_PREFIX_HEADER = YES;
				GCC_PREFIX_HEADER = "HereToThere/HereToThere-Prefix.pch";
				INFOPLIST_FILE = "HereToThere/HereToThere-Info.plist";
				PRODUCT_NAME = "$(TARGET_NAME)";
				WRAPPER_EXTENSION = app;
			};
			name = Debug;
		};
		8D5DD108192591CA002A7E68 /* Release */ = {
			isa = XCBuildConfiguration;
			buildSettings = {
				ASSETCATALOG_COMPILER_APPICON_NAME = AppIcon;
				ASSETCATALOG_COMPILER_LAUNCHIMAGE_NAME = LaunchImage;
				GCC_PRECOMPILE_PREFIX_HEADER = YES;
				GCC_PREFIX_HEADER = "HereToThere/HereToThere-Prefix.pch";
				INFOPLIST_FILE = "HereToThere/HereToThere-Info.plist";
				PRODUCT_NAME = "$(TARGET_NAME)";
				WRAPPER_EXTENSION = app;
			};
			name = Release;
		};
		8D5DD10A192591CA002A7E68 /* Debug */ = {
			isa = XCBuildConfiguration;
			buildSettings = {
				BUNDLE_LOADER = "$(BUILT_PRODUCTS_DIR)/HereToThere.app/HereToThere";
				FRAMEWORK_SEARCH_PATHS = (
					"$(SDKROOT)/Developer/Library/Frameworks",
					"$(inherited)",
					"$(DEVELOPER_FRAMEWORKS_DIR)",
				);
				GCC_PRECOMPILE_PREFIX_HEADER = YES;
				GCC_PREFIX_HEADER = "HereToThere/HereToThere-Prefix.pch";
				GCC_PREPROCESSOR_DEFINITIONS = (
					"DEBUG=1",
					"$(inherited)",
				);
				INFOPLIST_FILE = "HereToThereTests/HereToThereTests-Info.plist";
				PRODUCT_NAME = "$(TARGET_NAME)";
				TEST_HOST = "$(BUNDLE_LOADER)";
				WRAPPER_EXTENSION = xctest;
			};
			name = Debug;
		};
		8D5DD10B192591CA002A7E68 /* Release */ = {
			isa = XCBuildConfiguration;
			buildSettings = {
				BUNDLE_LOADER = "$(BUILT_PRODUCTS_DIR)/HereToThere.app/HereToThere";
				FRAMEWORK_SEARCH_PATHS = (
					"$(SDKROOT)/Developer/Library/Frameworks",
					"$(inherited)",
					"$(DEVELOPER_FRAMEWORKS_DIR)",
				);
				GCC_PRECOMPILE_PREFIX_HEADER = YES;
				GCC_PREFIX_HEADER = "HereToThere/HereToThere-Prefix.pch";
				INFOPLIST_FILE = "HereToThereTests/HereToThereTests-Info.plist";
				PRODUCT_NAME = "$(TARGET_NAME)";
				TEST_HOST = "$(BUNDLE_LOADER)";
				WRAPPER_EXTENSION = xctest;
			};
			name = Release;
		};
/* End XCBuildConfiguration section */

/* Begin XCConfigurationList section */
		8D5DD0CF192591CA002A7E68 /* Build configuration list for PBXProject "HereToThere" */ = {
			isa = XCConfigurationList;
			buildConfigurations = (
				8D5DD104192591CA002A7E68 /* Debug */,
				8D5DD105192591CA002A7E68 /* Release */,
			);
			defaultConfigurationIsVisible = 0;
			defaultConfigurationName = Release;
		};
		8D5DD106192591CA002A7E68 /* Build configuration list for PBXNativeTarget "HereToThere" */ = {
			isa = XCConfigurationList;
			buildConfigurations = (
				8D5DD107192591CA002A7E68 /* Debug */,
				8D5DD108192591CA002A7E68 /* Release */,
			);
			defaultConfigurationIsVisible = 0;
			defaultConfigurationName = Release;
		};
		8D5DD109192591CA002A7E68 /* Build configuration list for PBXNativeTarget "HereToThereTests" */ = {
			isa = XCConfigurationList;
			buildConfigurations = (
				8D5DD10A192591CA002A7E68 /* Debug */,
				8D5DD10B192591CA002A7E68 /* Release */,
			);
			defaultConfigurationIsVisible = 0;
			defaultConfigurationName = Release;
		};
/* End XCConfigurationList section */
	};
	rootObject = 8D5DD0CC192591CA002A7E68 /* Project object */;
}
